// !$*UTF8*$!
{
	archiveVersion = 1;
	classes = {
	};
	objectVersion = 46;
	objects = {

/* Begin PBXBuildFile section */
		42AB476F19F8DE5300335C49 /* Foundation.framework in Frameworks */ = {isa = PBXBuildFile; fileRef = 42AB476E19F8DE5300335C49 /* Foundation.framework */; };
		42AB477119F8DE5300335C49 /* CoreGraphics.framework in Frameworks */ = {isa = PBXBuildFile; fileRef = 42AB477019F8DE5300335C49 /* CoreGraphics.framework */; };
		42AB477319F8DE5300335C49 /* UIKit.framework in Frameworks */ = {isa = PBXBuildFile; fileRef = 42AB477219F8DE5300335C49 /* UIKit.framework */; };
		42AB477919F8DE5300335C49 /* InfoPlist.strings in Resources */ = {isa = PBXBuildFile; fileRef = 42AB477719F8DE5300335C49 /* InfoPlist.strings */; };
		42AB477B19F8DE5300335C49 /* main.m in Sources */ = {isa = PBXBuildFile; fileRef = 42AB477A19F8DE5300335C49 /* main.m */; };
		42AB477F19F8DE5300335C49 /* AppDelegate.m in Sources */ = {isa = PBXBuildFile; fileRef = 42AB477E19F8DE5300335C49 /* AppDelegate.m */; };
		42AB478119F8DE5300335C49 /* Images.xcassets in Resources */ = {isa = PBXBuildFile; fileRef = 42AB478019F8DE5300335C49 /* Images.xcassets */; };
		42AB478819F8DE5300335C49 /* XCTest.framework in Frameworks */ = {isa = PBXBuildFile; fileRef = 42AB478719F8DE5300335C49 /* XCTest.framework */; };
		42AB478919F8DE5300335C49 /* Foundation.framework in Frameworks */ = {isa = PBXBuildFile; fileRef = 42AB476E19F8DE5300335C49 /* Foundation.framework */; };
		42AB478A19F8DE5300335C49 /* UIKit.framework in Frameworks */ = {isa = PBXBuildFile; fileRef = 42AB477219F8DE5300335C49 /* UIKit.framework */; };
		42AB479219F8DE5300335C49 /* InfoPlist.strings in Resources */ = {isa = PBXBuildFile; fileRef = 42AB479019F8DE5300335C49 /* InfoPlist.strings */; };
		42AB479419F8DE5300335C49 /* PieTests.m in Sources */ = {isa = PBXBuildFile; fileRef = 42AB479319F8DE5300335C49 /* PieTests.m */; };
		42AB47A019F8DE6600335C49 /* MainViewController.m in Sources */ = {isa = PBXBuildFile; fileRef = 42AB479E19F8DE6600335C49 /* MainViewController.m */; };
		42AB47A119F8DE6600335C49 /* MainViewController.xib in Resources */ = {isa = PBXBuildFile; fileRef = 42AB479F19F8DE6600335C49 /* MainViewController.xib */; };
		42AB47A919F8DF5C00335C49 /* PieButton.m in Sources */ = {isa = PBXBuildFile; fileRef = 42AB47A419F8DF5C00335C49 /* PieButton.m */; };
		42AB47AA19F8DF5C00335C49 /* PieView.m in Sources */ = {isa = PBXBuildFile; fileRef = 42AB47A619F8DF5C00335C49 /* PieView.m */; };
/* End PBXBuildFile section */

/* Begin PBXContainerItemProxy section */
		42AB478B19F8DE5300335C49 /* PBXContainerItemProxy */ = {
			isa = PBXContainerItemProxy;
			containerPortal = 42AB476319F8DE5300335C49 /* Project object */;
			proxyType = 1;
			remoteGlobalIDString = 42AB476A19F8DE5300335C49;
			remoteInfo = Pie;
		};
/* End PBXContainerItemProxy section */

/* Begin PBXFileReference section */
		42AB476B19F8DE5300335C49 /* Pie.app */ = {isa = PBXFileReference; explicitFileType = wrapper.application; includeInIndex = 0; path = Pie.app; sourceTree = BUILT_PRODUCTS_DIR; };
		42AB476E19F8DE5300335C49 /* Foundation.framework */ = {isa = PBXFileReference; lastKnownFileType = wrapper.framework; name = Foundation.framework; path = System/Library/Frameworks/Foundation.framework; sourceTree = SDKROOT; };
		42AB477019F8DE5300335C49 /* CoreGraphics.framework */ = {isa = PBXFileReference; lastKnownFileType = wrapper.framework; name = CoreGraphics.framework; path = System/Library/Frameworks/CoreGraphics.framework; sourceTree = SDKROOT; };
		42AB477219F8DE5300335C49 /* UIKit.framework */ = {isa = PBXFileReference; lastKnownFileType = wrapper.framework; name = UIKit.framework; path = System/Library/Frameworks/UIKit.framework; sourceTree = SDKROOT; };
		42AB477619F8DE5300335C49 /* Pie-Info.plist */ = {isa = PBXFileReference; lastKnownFileType = text.plist.xml; path = "Pie-Info.plist"; sourceTree = "<group>"; };
		42AB477819F8DE5300335C49 /* en */ = {isa = PBXFileReference; lastKnownFileType = text.plist.strings; name = en; path = en.lproj/InfoPlist.strings; sourceTree = "<group>"; };
		42AB477A19F8DE5300335C49 /* main.m */ = {isa = PBXFileReference; lastKnownFileType = sourcecode.c.objc; path = main.m; sourceTree = "<group>"; };
		42AB477C19F8DE5300335C49 /* Pie-Prefix.pch */ = {isa = PBXFileReference; lastKnownFileType = sourcecode.c.h; path = "Pie-Prefix.pch"; sourceTree = "<group>"; };
		42AB477D19F8DE5300335C49 /* AppDelegate.h */ = {isa = PBXFileReference; lastKnownFileType = sourcecode.c.h; path = AppDelegate.h; sourceTree = "<group>"; };
		42AB477E19F8DE5300335C49 /* AppDelegate.m */ = {isa = PBXFileReference; lastKnownFileType = sourcecode.c.objc; path = AppDelegate.m; sourceTree = "<group>"; };
		42AB478019F8DE5300335C49 /* Images.xcassets */ = {isa = PBXFileReference; lastKnownFileType = folder.assetcatalog; path = Images.xcassets; sourceTree = "<group>"; };
		42AB478619F8DE5300335C49 /* PieTests.xctest */ = {isa = PBXFileReference; explicitFileType = wrapper.cfbundle; includeInIndex = 0; path = PieTests.xctest; sourceTree = BUILT_PRODUCTS_DIR; };
		42AB478719F8DE5300335C49 /* XCTest.framework */ = {isa = PBXFileReference; lastKnownFileType = wrapper.framework; name = XCTest.framework; path = Library/Frameworks/XCTest.framework; sourceTree = DEVELOPER_DIR; };
		42AB478F19F8DE5300335C49 /* PieTests-Info.plist */ = {isa = PBXFileReference; lastKnownFileType = text.plist.xml; path = "PieTests-Info.plist"; sourceTree = "<group>"; };
		42AB479119F8DE5300335C49 /* en */ = {isa = PBXFileReference; lastKnownFileType = text.plist.strings; name = en; path = en.lproj/InfoPlist.strings; sourceTree = "<group>"; };
		42AB479319F8DE5300335C49 /* PieTests.m */ = {isa = PBXFileReference; lastKnownFileType = sourcecode.c.objc; path = PieTests.m; sourceTree = "<group>"; };
		42AB479D19F8DE6600335C49 /* MainViewController.h */ = {isa = PBXFileReference; fileEncoding = 4; lastKnownFileType = sourcecode.c.h; path = MainViewController.h; sourceTree = "<group>"; };
		42AB479E19F8DE6600335C49 /* MainViewController.m */ = {isa = PBXFileReference; fileEncoding = 4; lastKnownFileType = sourcecode.c.objc; path = MainViewController.m; sourceTree = "<group>"; };
		42AB479F19F8DE6600335C49 /* MainViewController.xib */ = {isa = PBXFileReference; fileEncoding = 4; lastKnownFileType = file.xib; path = MainViewController.xib; sourceTree = "<group>"; };
		42AB47A319F8DF5C00335C49 /* PieButton.h */ = {isa = PBXFileReference; fileEncoding = 4; lastKnownFileType = sourcecode.c.h; path = PieButton.h; sourceTree = "<group>"; };
		42AB47A419F8DF5C00335C49 /* PieButton.m */ = {isa = PBXFileReference; fileEncoding = 4; lastKnownFileType = sourcecode.c.objc; path = PieButton.m; sourceTree = "<group>"; };
		42AB47A519F8DF5C00335C49 /* PieView.h */ = {isa = PBXFileReference; fileEncoding = 4; lastKnownFileType = sourcecode.c.h; path = PieView.h; sourceTree = "<group>"; };
		42AB47A619F8DF5C00335C49 /* PieView.m */ = {isa = PBXFileReference; fileEncoding = 4; lastKnownFileType = sourcecode.c.objc; path = PieView.m; sourceTree = "<group>"; };
/* End PBXFileReference section */

/* Begin PBXFrameworksBuildPhase section */
		42AB476819F8DE5300335C49 /* Frameworks */ = {
			isa = PBXFrameworksBuildPhase;
			buildActionMask = 2147483647;
			files = (
				42AB477119F8DE5300335C49 /* CoreGraphics.framework in Frameworks */,
				42AB477319F8DE5300335C49 /* UIKit.framework in Frameworks */,
				42AB476F19F8DE5300335C49 /* Foundation.framework in Frameworks */,
			);
			runOnlyForDeploymentPostprocessing = 0;
		};
		42AB478319F8DE5300335C49 /* Frameworks */ = {
			isa = PBXFrameworksBuildPhase;
			buildActionMask = 2147483647;
			files = (
				42AB478819F8DE5300335C49 /* XCTest.framework in Frameworks */,
				42AB478A19F8DE5300335C49 /* UIKit.framework in Frameworks */,
				42AB478919F8DE5300335C49 /* Foundation.framework in Frameworks */,
			);
			runOnlyForDeploymentPostprocessing = 0;
		};
/* End PBXFrameworksBuildPhase section */

/* Begin PBXGroup section */
		42AB476219F8DE5300335C49 = {
			isa = PBXGroup;
			children = (
				42AB477419F8DE5300335C49 /* Pie */,
				42AB478D19F8DE5300335C49 /* PieTests */,
				42AB476D19F8DE5300335C49 /* Frameworks */,
				42AB476C19F8DE5300335C49 /* Products */,
			);
			sourceTree = "<group>";
		};
		42AB476C19F8DE5300335C49 /* Products */ = {
			isa = PBXGroup;
			children = (
				42AB476B19F8DE5300335C49 /* Pie.app */,
				42AB478619F8DE5300335C49 /* PieTests.xctest */,
			);
			name = Products;
			sourceTree = "<group>";
		};
		42AB476D19F8DE5300335C49 /* Frameworks */ = {
			isa = PBXGroup;
			children = (
				42AB476E19F8DE5300335C49 /* Foundation.framework */,
				42AB477019F8DE5300335C49 /* CoreGraphics.framework */,
				42AB477219F8DE5300335C49 /* UIKit.framework */,
				42AB478719F8DE5300335C49 /* XCTest.framework */,
			);
			name = Frameworks;
			sourceTree = "<group>";
		};
		42AB477419F8DE5300335C49 /* Pie */ = {
			isa = PBXGroup;
			children = (
				42AB47A219F8DF5C00335C49 /* Views */,
				42AB477D19F8DE5300335C49 /* AppDelegate.h */,
				42AB477E19F8DE5300335C49 /* AppDelegate.m */,
				42AB478019F8DE5300335C49 /* Images.xcassets */,
				42AB477519F8DE5300335C49 /* Supporting Files */,
				42AB479D19F8DE6600335C49 /* MainViewController.h */,
				42AB479E19F8DE6600335C49 /* MainViewController.m */,
				42AB479F19F8DE6600335C49 /* MainViewController.xib */,
			);
			path = Pie;
			sourceTree = "<group>";
		};
		42AB477519F8DE5300335C49 /* Supporting Files */ = {
			isa = PBXGroup;
			children = (
				42AB477619F8DE5300335C49 /* Pie-Info.plist */,
				42AB477719F8DE5300335C49 /* InfoPlist.strings */,
				42AB477A19F8DE5300335C49 /* main.m */,
				42AB477C19F8DE5300335C49 /* Pie-Prefix.pch */,
			);
			name = "Supporting Files";
			sourceTree = "<group>";
		};
		42AB478D19F8DE5300335C49 /* PieTests */ = {
			isa = PBXGroup;
			children = (
				42AB479319F8DE5300335C49 /* PieTests.m */,
				42AB478E19F8DE5300335C49 /* Supporting Files */,
			);
			path = PieTests;
			sourceTree = "<group>";
		};
		42AB478E19F8DE5300335C49 /* Supporting Files */ = {
			isa = PBXGroup;
			children = (
				42AB478F19F8DE5300335C49 /* PieTests-Info.plist */,
				42AB479019F8DE5300335C49 /* InfoPlist.strings */,
			);
			name = "Supporting Files";
			sourceTree = "<group>";
		};
		42AB47A219F8DF5C00335C49 /* Views */ = {
			isa = PBXGroup;
			children = (
				42AB47A319F8DF5C00335C49 /* PieButton.h */,
				42AB47A419F8DF5C00335C49 /* PieButton.m */,
				42AB47A519F8DF5C00335C49 /* PieView.h */,
				42AB47A619F8DF5C00335C49 /* PieView.m */,
			);
			path = Views;
			sourceTree = "<group>";
		};
/* End PBXGroup section */

/* Begin PBXNativeTarget section */
		42AB476A19F8DE5300335C49 /* Pie */ = {
			isa = PBXNativeTarget;
			buildConfigurationList = 42AB479719F8DE5300335C49 /* Build configuration list for PBXNativeTarget "Pie" */;
			buildPhases = (
				42AB476719F8DE5300335C49 /* Sources */,
				42AB476819F8DE5300335C49 /* Frameworks */,
				42AB476919F8DE5300335C49 /* Resources */,
			);
			buildRules = (
			);
			dependencies = (
			);
			name = Pie;
			productName = Pie;
			productReference = 42AB476B19F8DE5300335C49 /* Pie.app */;
			productType = "com.apple.product-type.application";
		};
		42AB478519F8DE5300335C49 /* PieTests */ = {
			isa = PBXNativeTarget;
			buildConfigurationList = 42AB479A19F8DE5300335C49 /* Build configuration list for PBXNativeTarget "PieTests" */;
			buildPhases = (
				42AB478219F8DE5300335C49 /* Sources */,
				42AB478319F8DE5300335C49 /* Frameworks */,
				42AB478419F8DE5300335C49 /* Resources */,
			);
			buildRules = (
			);
			dependencies = (
				42AB478C19F8DE5300335C49 /* PBXTargetDependency */,
			);
			name = PieTests;
			productName = PieTests;
			productReference = 42AB478619F8DE5300335C49 /* PieTests.xctest */;
			productType = "com.apple.product-type.bundle.unit-test";
		};
/* End PBXNativeTarget section */

/* Begin PBXProject section */
		42AB476319F8DE5300335C49 /* Project object */ = {
			isa = PBXProject;
			attributes = {
				LastUpgradeCheck = 0510;
				ORGANIZATIONNAME = yto_yewankun;
				TargetAttributes = {
					42AB478519F8DE5300335C49 = {
						TestTargetID = 42AB476A19F8DE5300335C49;
					};
				};
			};
			buildConfigurationList = 42AB476619F8DE5300335C49 /* Build configuration list for PBXProject "Pie" */;
			compatibilityVersion = "Xcode 3.2";
			developmentRegion = English;
			hasScannedForEncodings = 0;
			knownRegions = (
				en,
			);
			mainGroup = 42AB476219F8DE5300335C49;
			productRefGroup = 42AB476C19F8DE5300335C49 /* Products */;
			projectDirPath = "";
			projectRoot = "";
			targets = (
				42AB476A19F8DE5300335C49 /* Pie */,
				42AB478519F8DE5300335C49 /* PieTests */,
			);
		};
/* End PBXProject section */

/* Begin PBXResourcesBuildPhase section */
		42AB476919F8DE5300335C49 /* Resources */ = {
			isa = PBXResourcesBuildPhase;
			buildActionMask = 2147483647;
			files = (
				42AB477919F8DE5300335C49 /* InfoPlist.strings in Resources */,
				42AB47A119F8DE6600335C49 /* MainViewController.xib in Resources */,
				42AB478119F8DE5300335C49 /* Images.xcassets in Resources */,
			);
			runOnlyForDeploymentPostprocessing = 0;
		};
		42AB478419F8DE5300335C49 /* Resources */ = {
			isa = PBXResourcesBuildPhase;
			buildActionMask = 2147483647;
			files = (
				42AB479219F8DE5300335C49 /* InfoPlist.strings in Resources */,
			);
			runOnlyForDeploymentPostprocessing = 0;
		};
/* End PBXResourcesBuildPhase section */

/* Begin PBXSourcesBuildPhase section */
		42AB476719F8DE5300335C49 /* Sources */ = {
			isa = PBXSourcesBuildPhase;
			buildActionMask = 2147483647;
			files = (
				42AB47A919F8DF5C00335C49 /* PieButton.m in Sources */,
				42AB477F19F8DE5300335C49 /* AppDelegate.m in Sources */,
				42AB47A019F8DE6600335C49 /* MainViewController.m in Sources */,
				42AB477B19F8DE5300335C49 /* main.m in Sources */,
				42AB47AA19F8DF5C00335C49 /* PieView.m in Sources */,
			);
			runOnlyForDeploymentPostprocessing = 0;
		};
		42AB478219F8DE5300335C49 /* Sources */ = {
			isa = PBXSourcesBuildPhase;
			buildActionMask = 2147483647;
			files = (
				42AB479419F8DE5300335C49 /* PieTests.m in Sources */,
			);
			runOnlyForDeploymentPostprocessing = 0;
		};
/* End PBXSourcesBuildPhase section */

/* Begin PBXTargetDependency section */
		42AB478C19F8DE5300335C49 /* PBXTargetDependency */ = {
			isa = PBXTargetDependency;
			target = 42AB476A19F8DE5300335C49 /* Pie */;
			targetProxy = 42AB478B19F8DE5300335C49 /* PBXContainerItemProxy */;
		};
/* End PBXTargetDependency section */

/* Begin PBXVariantGroup section */
		42AB477719F8DE5300335C49 /* InfoPlist.strings */ = {
			isa = PBXVariantGroup;
			children = (
				42AB477819F8DE5300335C49 /* en */,
			);
			name = InfoPlist.strings;
			sourceTree = "<group>";
		};
		42AB479019F8DE5300335C49 /* InfoPlist.strings */ = {
			isa = PBXVariantGroup;
			children = (
				42AB479119F8DE5300335C49 /* en */,
			);
			name = InfoPlist.strings;
			sourceTree = "<group>";
		};
/* End PBXVariantGroup section */

/* Begin XCBuildConfiguration section */
		42AB479519F8DE5300335C49 /* Debug */ = {
			isa = XCBuildConfiguration;
			buildSettings = {
				ALWAYS_SEARCH_USER_PATHS = NO;
				CLANG_CXX_LANGUAGE_STANDARD = "gnu++0x";
				CLANG_CXX_LIBRARY = "libc++";
				CLANG_ENABLE_MODULES = YES;
				CLANG_ENABLE_OBJC_ARC = YES;
				CLANG_WARN_BOOL_CONVERSION = YES;
				CLANG_WARN_CONSTANT_CONVERSION = YES;
				CLANG_WARN_DIRECT_OBJC_ISA_USAGE = YES_ERROR;
				CLANG_WARN_EMPTY_BODY = YES;
				CLANG_WARN_ENUM_CONVERSION = YES;
				CLANG_WARN_INT_CONVERSION = YES;
				CLANG_WARN_OBJC_ROOT_CLASS = YES_ERROR;
				CLANG_WARN__DUPLICATE_METHOD_MATCH = YES;
				"CODE_SIGN_IDENTITY[sdk=iphoneos*]" = "iPhone Developer";
				COPY_PHASE_STRIP = NO;
				GCC_C_LANGUAGE_STANDARD = gnu99;
				GCC_DYNAMIC_NO_PIC = NO;
				GCC_OPTIMIZATION_LEVEL = 0;
				GCC_PREPROCESSOR_DEFINITIONS = (
					"DEBUG=1",
					"$(inherited)",
				);
				GCC_SYMBOLS_PRIVATE_EXTERN = NO;
				GCC_WARN_64_TO_32_BIT_CONVERSION = YES;
				GCC_WARN_ABOUT_RETURN_TYPE = YES_ERROR;
				GCC_WARN_UNDECLARED_SELECTOR = YES;
				GCC_WARN_UNINITIALIZED_AUTOS = YES_AGGRESSIVE;
				GCC_WARN_UNUSED_FUNCTION = YES;
				GCC_WARN_UNUSED_VARIABLE = YES;
				IPHONEOS_DEPLOYMENT_TARGET = 7.1;
				ONLY_ACTIVE_ARCH = YES;
				SDKROOT = iphoneos;
			};
			name = Debug;
		};
		42AB479619F8DE5300335C49 /* Release */ = {
			isa = XCBuildConfiguration;
			buildSettings = {
				ALWAYS_SEARCH_USER_PATHS = NO;
				CLANG_CXX_LANGUAGE_STANDARD = "gnu++0x";
				CLANG_CXX_LIBRARY = "libc++";
				CLANG_ENABLE_MODULES = YES;
				CLANG_ENABLE_OBJC_ARC = YES;
				CLANG_WARN_BOOL_CONVERSION = YES;
				CLANG_WARN_CONSTANT_CONVERSION = YES;
				CLANG_WARN_DIRECT_OBJC_ISA_USAGE = YES_ERROR;
				CLANG_WARN_EMPTY_BODY = YES;
				CLANG_WARN_ENUM_CONVERSION = YES;
				CLANG_WARN_INT_CONVERSION = YES;
				CLANG_WARN_OBJC_ROOT_CLASS = YES_ERROR;
				CLANG_WARN__DUPLICATE_METHOD_MATCH = YES;
				"CODE_SIGN_IDENTITY[sdk=iphoneos*]" = "iPhone Developer";
				COPY_PHASE_STRIP = YES;
				ENABLE_NS_ASSERTIONS = NO;
				GCC_C_LANGUAGE_STANDARD = gnu99;
				GCC_WARN_64_TO_32_BIT_CONVERSION = YES;
				GCC_WARN_ABOUT_RETURN_TYPE = YES_ERROR;
				GCC_WARN_UNDECLARED_SELECTOR = YES;
				GCC_WARN_UNINITIALIZED_AUTOS = YES_AGGRESSIVE;
				GCC_WARN_UNUSED_FUNCTION = YES;
				GCC_WARN_UNUSED_VARIABLE = YES;
				IPHONEOS_DEPLOYMENT_TARGET = 7.1;
				SDKROOT = iphoneos;
				VALIDATE_PRODUCT = YES;
			};
			name = Release;
		};
		42AB479819F8DE5300335C49 /* Debug */ = {
			isa = XCBuildConfiguration;
			buildSettings = {
				ASSETCATALOG_COMPILER_APPICON_NAME = AppIcon;
				ASSETCATALOG_COMPILER_LAUNCHIMAGE_NAME = LaunchImage;
				GCC_PRECOMPILE_PREFIX_HEADER = YES;
				GCC_PREFIX_HEADER = "Pie/Pie-Prefix.pch";
				INFOPLIST_FILE = "Pie/Pie-Info.plist";
				PRODUCT_NAME = "$(TARGET_NAME)";
				WRAPPER_EXTENSION = app;
			};
			name = Debug;
		};
		42AB479919F8DE5300335C49 /* Release */ = {
			isa = XCBuildConfiguration;
			buildSettings = {
				ASSETCATALOG_COMPILER_APPICON_NAME = AppIcon;
				ASSETCATALOG_COMPILER_LAUNCHIMAGE_NAME = LaunchImage;
				GCC_PRECOMPILE_PREFIX_HEADER = YES;
				GCC_PREFIX_HEADER = "Pie/Pie-Prefix.pch";
				INFOPLIST_FILE = "Pie/Pie-Info.plist";
				PRODUCT_NAME = "$(TARGET_NAME)";
				WRAPPER_EXTENSION = app;
			};
			name = Release;
		};
		42AB479B19F8DE5300335C49 /* Debug */ = {
			isa = XCBuildConfiguration;
			buildSettings = {
				BUNDLE_LOADER = "$(BUILT_PRODUCTS_DIR)/Pie.app/Pie";
				FRAMEWORK_SEARCH_PATHS = (
					"$(SDKROOT)/Developer/Library/Frameworks",
					"$(inherited)",
					"$(DEVELOPER_FRAMEWORKS_DIR)",
				);
				GCC_PRECOMPILE_PREFIX_HEADER = YES;
				GCC_PREFIX_HEADER = "Pie/Pie-Prefix.pch";
				GCC_PREPROCESSOR_DEFINITIONS = (
					"DEBUG=1",
					"$(inherited)",
				);
				INFOPLIST_FILE = "PieTests/PieTests-Info.plist";
				PRODUCT_NAME = "$(TARGET_NAME)";
				TEST_HOST = "$(BUNDLE_LOADER)";
				WRAPPER_EXTENSION = xctest;
			};
			name = Debug;
		};
		42AB479C19F8DE5300335C49 /* Release */ = {
			isa = XCBuildConfiguration;
			buildSettings = {
				BUNDLE_LOADER = "$(BUILT_PRODUCTS_DIR)/Pie.app/Pie";
				FRAMEWORK_SEARCH_PATHS = (
					"$(SDKROOT)/Developer/Library/Frameworks",
					"$(inherited)",
					"$(DEVELOPER_FRAMEWORKS_DIR)",
				);
				GCC_PRECOMPILE_PREFIX_HEADER = YES;
				GCC_PREFIX_HEADER = "Pie/Pie-Prefix.pch";
				INFOPLIST_FILE = "PieTests/PieTests-Info.plist";
				PRODUCT_NAME = "$(TARGET_NAME)";
				TEST_HOST = "$(BUNDLE_LOADER)";
				WRAPPER_EXTENSION = xctest;
			};
			name = Release;
		};
/* End XCBuildConfiguration section */

/* Begin XCConfigurationList section */
		42AB476619F8DE5300335C49 /* Build configuration list for PBXProject "Pie" */ = {
			isa = XCConfigurationList;
			buildConfigurations = (
				42AB479519F8DE5300335C49 /* Debug */,
				42AB479619F8DE5300335C49 /* Release */,
			);
			defaultConfigurationIsVisible = 0;
			defaultConfigurationName = Release;
		};
		42AB479719F8DE5300335C49 /* Build configuration list for PBXNativeTarget "Pie" */ = {
			isa = XCConfigurationList;
			buildConfigurations = (
				42AB479819F8DE5300335C49 /* Debug */,
				42AB479919F8DE5300335C49 /* Release */,
			);
			defaultConfigurationIsVisible = 0;
		};
		42AB479A19F8DE5300335C49 /* Build configuration list for PBXNativeTarget "PieTests" */ = {
			isa = XCConfigurationList;
			buildConfigurations = (
				42AB479B19F8DE5300335C49 /* Debug */,
				42AB479C19F8DE5300335C49 /* Release */,
			);
			defaultConfigurationIsVisible = 0;
		};
/* End XCConfigurationList section */
	};
	rootObject = 42AB476319F8DE5300335C49 /* Project object */;
}
